
Microsoft Visual Studio Solution File, Format Version 12.00
# Visual Studio Version 16
VisualStudioVersion = 16.0.30128.74
MinimumVisualStudioVersion = 10.0.40219.1
Project("{FAE04EC0-301F-11D3-BF4B-00C04F79EFBC}") = "Roaster", "Roaster\Roaster.csproj", "{C0BF0E64-632D-4F75-943C-EC063C66420F}"
EndProject
Project("{FAE04EC0-301F-11D3-BF4B-00C04F79EFBC}") = "Roaster.Tests", "Roaster.Tests\Roaster.Tests.csproj", "{42EA55CD-4835-40B3-ABEA-DC2B5E745AEF}"
EndProject
Global
	GlobalSection(SolutionConfigurationPlatforms) = preSolution
		Debug|Any CPU = Debug|Any CPU
		Release|Any CPU = Release|Any CPU
	EndGlobalSection
	GlobalSection(ProjectConfigurationPlatforms) = postSolution
		{C0BF0E64-632D-4F75-943C-EC063C66420F}.Debug|Any CPU.ActiveCfg = Debug|Any CPU
		{C0BF0E64-632D-4F75-943C-EC063C66420F}.Debug|Any CPU.Build.0 = Debug|Any CPU
		{C0BF0E64-632D-4F75-943C-EC063C66420F}.Release|Any CPU.ActiveCfg = Release|Any CPU
		{C0BF0E64-632D-4F75-943C-EC063C66420F}.Release|Any CPU.Build.0 = Release|Any CPU
		{42EA55CD-4835-40B3-ABEA-DC2B5E745AEF}.Debug|Any CPU.ActiveCfg = Debug|Any CPU
		{42EA55CD-4835-40B3-ABEA-DC2B5E745AEF}.Debug|Any CPU.Build.0 = Debug|Any CPU
		{42EA55CD-4835-40B3-ABEA-DC2B5E745AEF}.Release|Any CPU.ActiveCfg = Release|Any CPU
		{42EA55CD-4835-40B3-ABEA-DC2B5E745AEF}.Release|Any CPU.Build.0 = Release|Any CPU
	EndGlobalSection
	GlobalSection(SolutionProperties) = preSolution
		HideSolutionNode = FALSE
	EndGlobalSection
	GlobalSection(ExtensibilityGlobals) = postSolution
		SolutionGuid = {A821B872-06AC-4DCC-ABB2-8474BDE46C18}
	EndGlobalSection
EndGlobal
